<?xml version="1.0" encoding="utf-8"?>
<Project ToolsVersion="4.0" xmlns="http://schemas.microsoft.com/developer/msbuild/2003">
  <ItemGroup>
    <Filter Include="Source Files">
      <UniqueIdentifier>{4FC737F1-C7A5-4376-A066-2A32D752A2FF}</UniqueIdentifier>
      <Extensions>cpp;c;cc;cxx;c++;cppm;ixx;def;odl;idl;hpj;bat;asm;asmx</Extensions>
    </Filter>
    <Filter Include="Header Files">
      <UniqueIdentifier>{93995380-89BD-4b04-88EB-625FBE52EBFB}</UniqueIdentifier>
      <Extensions>h;hh;hpp;hxx;h++;hm;inl;inc;ipp;xsd</Extensions>
    </Filter>
    <Filter Include="Resource Files">
      <UniqueIdentifier>{67DA6AB6-F800-4c08-8B7A-83BB121AAD01}</UniqueIdentifier>
      <Extensions>rc;ico;cur;bmp;dlg;rc2;rct;bin;rgs;gif;jpg;jpeg;jpe;resx;tiff;tif;png;wav;mfcribbon-ms</Extensions>
    </Filter>
    <Filter Include="Header Files\entities">
      <UniqueIdentifier>{e7014cb2-d402-4744-bb52-b49ca4423fa0}</UniqueIdentifier>
    </Filter>
    <Filter Include="Header Files\resources">
      <UniqueIdentifier>{a0ec640b-040f-4496-aa45-71a7882ce304}</UniqueIdentifier>
    </Filter>
    <Filter Include="Header Files\entities\pieces">
      <UniqueIdentifier>{e61b5bcb-5f32-440d-8f92-2c777a8472ef}</UniqueIdentifier>
    </Filter>
    <Filter Include="Source Files\Entities">
      <UniqueIdentifier>{ff0a3f93-0711-489a-aeaa-f058c496a143}</UniqueIdentifier>
    </Filter>
    <Filter Include="Header Files\ui">
      <UniqueIdentifier>{62765b63-5514-43aa-a2d4-372db42dca26}</UniqueIdentifier>
    </Filter>
  </ItemGroup>
  <ItemGroup>
    <ClInclude Include="Piece.h">
      <Filter>Header Files\entities</Filter>
    </ClInclude>
    <ClInclude Include="Player.h">
      <Filter>Header Files\entities</Filter>
    </ClInclude>
    <ClInclude Include="chess-game.h">
      <Filter>Header Files\resources</Filter>
    </ClInclude>
    <ClInclude Include="framework.h">
      <Filter>Header Files\resources</Filter>
    </ClInclude>
    <ClInclude Include="Resource.h">
      <Filter>Header Files\resources</Filter>
    </ClInclude>
    <ClInclude Include="targetver.h">
      <Filter>Header Files\resources</Filter>
    </ClInclude>
    <ClInclude Include="Board.h">
      <Filter>Header Files\entities</Filter>
    </ClInclude>
    <ClInclude Include="Pawn.h">
      <Filter>Header Files\entities\pieces</Filter>
    </ClInclude>
    <ClInclude Include="Knight.h">
      <Filter>Header Files\entities\pieces</Filter>
    </ClInclude>
    <ClInclude Include="King.h">
      <Filter>Header Files\entities\pieces</Filter>
    </ClInclude>
    <ClInclude Include="Bishop.h">
      <Filter>Header Files\entities\pieces</Filter>
    </ClInclude>
    <ClInclude Include="Queen.h">
      <Filter>Header Files\entities\pieces</Filter>
    </ClInclude>
    <ClInclude Include="Rook.h">
      <Filter>Header Files\entities\pieces</Filter>
    </ClInclude>
    <ClInclude Include="MainFrame.h">
      <Filter>Header Files\ui</Filter>
    </ClInclude>
    <ClInclude Include="App.h">
      <Filter>Header Files</Filter>
    </ClInclude>
  </ItemGroup>
  <ItemGroup>
    <ClCompile Include="Board.cpp">
      <Filter>Source Files</Filter>
    </ClCompile>
    <ClCompile Include="Bishop.cpp">
      <Filter>Source Files\Entities</Filter>
    </ClCompile>
    <ClCompile Include="King.cpp">
      <Filter>Source Files\Entities</Filter>
    </ClCompile>
    <ClCompile Include="Knight.cpp">
      <Filter>Source Files\Entities</Filter>
    </ClCompile>
    <ClCompile Include="Pawn.cpp">
      <Filter>Source Files\Entities</Filter>
    </ClCompile>
    <ClCompile Include="Piece.cpp">
      <Filter>Source Files\Entities</Filter>
    </ClCompile>
    <ClCompile Include="Player.cpp">
      <Filter>Source Files\Entities</Filter>
    </ClCompile>
    <ClCompile Include="Queen.cpp">
      <Filter>Source Files\Entities</Filter>
    </ClCompile>
    <ClCompile Include="Rook.cpp">
      <Filter>Source Files\Entities</Filter>
    </ClCompile>
    <ClCompile Include="MainFrame.cpp">
      <Filter>Source Files</Filter>
    </ClCompile>
    <ClCompile Include="App.cpp">
      <Filter>Source Files</Filter>
    </ClCompile>
  </ItemGroup>
  <ItemGroup>
    <ResourceCompile Include="chess-game.rc">
      <Filter>Resource Files</Filter>
    </ResourceCompile>
  </ItemGroup>
  <ItemGroup>
    <Image Include="small.ico">
      <Filter>Resource Files</Filter>
    </Image>
    <Image Include="chess-game.ico">
      <Filter>Resource Files</Filter>
    </Image>
    <Image Include="..\..\..\..\Downloads\ChessAssets\b_Queen.png">
      <Filter>Resource Files</Filter>
    </Image>
    <Image Include="..\..\..\..\Downloads\ChessAssets\b_King.png">
      <Filter>Resource Files</Filter>
    </Image>
    <Image Include="..\..\..\..\Downloads\ChessAssets\b_Bishop.png">
      <Filter>Resource Files</Filter>
    </Image>
    <Image Include="..\..\..\..\Downloads\ChessAssets\b_Knight.png">
      <Filter>Resource Files</Filter>
    </Image>
    <Image Include="..\..\..\..\Downloads\ChessAssets\b_Rook.png">
      <Filter>Resource Files</Filter>
    </Image>
  </ItemGroup>
  <ItemGroup>
    <None Include=".gitignore" />
    <None Include="cpp.hint" />
  </ItemGroup>
  <ItemGroup>
    <CopyFileToFolders Include="..\..\..\..\Downloads\ChessAssets\pawn.png">
      <Filter>Resource Files</Filter>
    </CopyFileToFolders>
  </ItemGroup>
</Project>